// !$*UTF8*$!
{
	archiveVersion = 1;
	classes = {
	};
	objectVersion = 46;
	objects = {

/* Begin PBXBuildFile section */
		C7525B6D1D352959003665F9 /* AppDelegate.swift in Sources */ = {isa = PBXBuildFile; fileRef = C7525B6C1D352959003665F9 /* AppDelegate.swift */; };
		C7525B6F1D352959003665F9 /* ViewController.swift in Sources */ = {isa = PBXBuildFile; fileRef = C7525B6E1D352959003665F9 /* ViewController.swift */; };
		C7525B721D352959003665F9 /* Main.storyboard in Resources */ = {isa = PBXBuildFile; fileRef = C7525B701D352959003665F9 /* Main.storyboard */; };
		C7525B741D352959003665F9 /* Assets.xcassets in Resources */ = {isa = PBXBuildFile; fileRef = C7525B731D352959003665F9 /* Assets.xcassets */; };
		C7525B771D352959003665F9 /* LaunchScreen.storyboard in Resources */ = {isa = PBXBuildFile; fileRef = C7525B751D352959003665F9 /* LaunchScreen.storyboard */; };
		C7525B821D352959003665F9 /* itunesTopVideosTests.swift in Sources */ = {isa = PBXBuildFile; fileRef = C7525B811D352959003665F9 /* itunesTopVideosTests.swift */; };
		C7525B8D1D352959003665F9 /* itunesTopVideosUITests.swift in Sources */ = {isa = PBXBuildFile; fileRef = C7525B8C1D352959003665F9 /* itunesTopVideosUITests.swift */; };
		C7525B9F1D3531AD003665F9 /* APIManager.swift in Sources */ = {isa = PBXBuildFile; fileRef = C7525B9E1D3531AD003665F9 /* APIManager.swift */; };
		C75FFECA1D368C690086EE2F /* Reachability.m in Sources */ = {isa = PBXBuildFile; fileRef = C75FFEC91D368C690086EE2F /* Reachability.m */; };
		C788B2711D357B6700C5B34F /* Constants.swift in Sources */ = {isa = PBXBuildFile; fileRef = C788B2701D357B6700C5B34F /* Constants.swift */; };
		C788B2731D357BE400C5B34F /* MusicVideo.swift in Sources */ = {isa = PBXBuildFile; fileRef = C788B2721D357BE400C5B34F /* MusicVideo.swift */; };
		C7B89D611D38F69600CAF6F6 /* MusicVideoCell.swift in Sources */ = {isa = PBXBuildFile; fileRef = C7B89D601D38F69600CAF6F6 /* MusicVideoCell.swift */; };
/* End PBXBuildFile section */

/* Begin PBXContainerItemProxy section */
		C7525B7E1D352959003665F9 /* PBXContainerItemProxy */ = {
			isa = PBXContainerItemProxy;
			containerPortal = C7525B611D352959003665F9 /* Project object */;
			proxyType = 1;
			remoteGlobalIDString = C7525B681D352959003665F9;
			remoteInfo = itunesTopVideos;
		};
		C7525B891D352959003665F9 /* PBXContainerItemProxy */ = {
			isa = PBXContainerItemProxy;
			containerPortal = C7525B611D352959003665F9 /* Project object */;
			proxyType = 1;
			remoteGlobalIDString = C7525B681D352959003665F9;
			remoteInfo = itunesTopVideos;
		};
/* End PBXContainerItemProxy section */

/* Begin PBXFileReference section */
		C7525B691D352959003665F9 /* itunesTopVideos.app */ = {isa = PBXFileReference; explicitFileType = wrapper.application; includeInIndex = 0; path = itunesTopVideos.app; sourceTree = BUILT_PRODUCTS_DIR; };
		C7525B6C1D352959003665F9 /* AppDelegate.swift */ = {isa = PBXFileReference; lastKnownFileType = sourcecode.swift; path = AppDelegate.swift; sourceTree = "<group>"; };
		C7525B6E1D352959003665F9 /* ViewController.swift */ = {isa = PBXFileReference; lastKnownFileType = sourcecode.swift; path = ViewController.swift; sourceTree = "<group>"; };
		C7525B711D352959003665F9 /* Base */ = {isa = PBXFileReference; lastKnownFileType = file.storyboard; name = Base; path = Base.lproj/Main.storyboard; sourceTree = "<group>"; };
		C7525B731D352959003665F9 /* Assets.xcassets */ = {isa = PBXFileReference; lastKnownFileType = folder.assetcatalog; path = Assets.xcassets; sourceTree = "<group>"; };
		C7525B761D352959003665F9 /* Base */ = {isa = PBXFileReference; lastKnownFileType = file.storyboard; name = Base; path = Base.lproj/LaunchScreen.storyboard; sourceTree = "<group>"; };
		C7525B781D352959003665F9 /* Info.plist */ = {isa = PBXFileReference; lastKnownFileType = text.plist.xml; path = Info.plist; sourceTree = "<group>"; };
		C7525B7D1D352959003665F9 /* itunesTopVideosTests.xctest */ = {isa = PBXFileReference; explicitFileType = wrapper.cfbundle; includeInIndex = 0; path = itunesTopVideosTests.xctest; sourceTree = BUILT_PRODUCTS_DIR; };
		C7525B811D352959003665F9 /* itunesTopVideosTests.swift */ = {isa = PBXFileReference; lastKnownFileType = sourcecode.swift; path = itunesTopVideosTests.swift; sourceTree = "<group>"; };
		C7525B831D352959003665F9 /* Info.plist */ = {isa = PBXFileReference; lastKnownFileType = text.plist.xml; path = Info.plist; sourceTree = "<group>"; };
		C7525B881D352959003665F9 /* itunesTopVideosUITests.xctest */ = {isa = PBXFileReference; explicitFileType = wrapper.cfbundle; includeInIndex = 0; path = itunesTopVideosUITests.xctest; sourceTree = BUILT_PRODUCTS_DIR; };
		C7525B8C1D352959003665F9 /* itunesTopVideosUITests.swift */ = {isa = PBXFileReference; lastKnownFileType = sourcecode.swift; path = itunesTopVideosUITests.swift; sourceTree = "<group>"; };
		C7525B8E1D352959003665F9 /* Info.plist */ = {isa = PBXFileReference; lastKnownFileType = text.plist.xml; path = Info.plist; sourceTree = "<group>"; };
		C7525B9E1D3531AD003665F9 /* APIManager.swift */ = {isa = PBXFileReference; fileEncoding = 4; lastKnownFileType = sourcecode.swift; path = APIManager.swift; sourceTree = "<group>"; };
		C75FFEC71D368C680086EE2F /* itunesTopVideos-Bridging-Header.h */ = {isa = PBXFileReference; lastKnownFileType = sourcecode.c.h; path = "itunesTopVideos-Bridging-Header.h"; sourceTree = "<group>"; };
		C75FFEC81D368C690086EE2F /* Reachability.h */ = {isa = PBXFileReference; fileEncoding = 4; lastKnownFileType = sourcecode.c.h; path = Reachability.h; sourceTree = "<group>"; };
		C75FFEC91D368C690086EE2F /* Reachability.m */ = {isa = PBXFileReference; fileEncoding = 4; lastKnownFileType = sourcecode.c.objc; path = Reachability.m; sourceTree = "<group>"; };
		C788B2701D357B6700C5B34F /* Constants.swift */ = {isa = PBXFileReference; fileEncoding = 4; lastKnownFileType = sourcecode.swift; path = Constants.swift; sourceTree = "<group>"; };
		C788B2721D357BE400C5B34F /* MusicVideo.swift */ = {isa = PBXFileReference; fileEncoding = 4; lastKnownFileType = sourcecode.swift; path = MusicVideo.swift; sourceTree = "<group>"; };
		C7B89D601D38F69600CAF6F6 /* MusicVideoCell.swift */ = {isa = PBXFileReference; fileEncoding = 4; lastKnownFileType = sourcecode.swift; path = MusicVideoCell.swift; sourceTree = "<group>"; };
/* End PBXFileReference section */

/* Begin PBXFrameworksBuildPhase section */
		C7525B661D352959003665F9 /* Frameworks */ = {
			isa = PBXFrameworksBuildPhase;
			buildActionMask = 2147483647;
			files = (
			);
			runOnlyForDeploymentPostprocessing = 0;
		};
		C7525B7A1D352959003665F9 /* Frameworks */ = {
			isa = PBXFrameworksBuildPhase;
			buildActionMask = 2147483647;
			files = (
			);
			runOnlyForDeploymentPostprocessing = 0;
		};
		C7525B851D352959003665F9 /* Frameworks */ = {
			isa = PBXFrameworksBuildPhase;
			buildActionMask = 2147483647;
			files = (
			);
			runOnlyForDeploymentPostprocessing = 0;
		};
/* End PBXFrameworksBuildPhase section */

/* Begin PBXGroup section */
		C7525B601D352959003665F9 = {
			isa = PBXGroup;
			children = (
				C7525B6B1D352959003665F9 /* itunesTopVideos */,
				C7525B801D352959003665F9 /* itunesTopVideosTests */,
				C7525B8B1D352959003665F9 /* itunesTopVideosUITests */,
				C7525B6A1D352959003665F9 /* Products */,
			);
			sourceTree = "<group>";
		};
		C7525B6A1D352959003665F9 /* Products */ = {
			isa = PBXGroup;
			children = (
				C7525B691D352959003665F9 /* itunesTopVideos.app */,
				C7525B7D1D352959003665F9 /* itunesTopVideosTests.xctest */,
				C7525B881D352959003665F9 /* itunesTopVideosUITests.xctest */,
			);
			name = Products;
			sourceTree = "<group>";
		};
		C7525B6B1D352959003665F9 /* itunesTopVideos */ = {
			isa = PBXGroup;
			children = (
				C75FFEC61D368BB90086EE2F /* Obj-C */,
				C788B26F1D357B4A00C5B34F /* Util */,
				C7525B9D1D352C14003665F9 /* Supporting Files */,
				C7525B9C1D352BC5003665F9 /* Model */,
				C7525B9B1D352BBF003665F9 /* View */,
				C7525B9A1D352BB8003665F9 /* Controller */,
				C7525B6C1D352959003665F9 /* AppDelegate.swift */,
			);
			path = itunesTopVideos;
			sourceTree = "<group>";
		};
		C7525B801D352959003665F9 /* itunesTopVideosTests */ = {
			isa = PBXGroup;
			children = (
				C7525B811D352959003665F9 /* itunesTopVideosTests.swift */,
				C7525B831D352959003665F9 /* Info.plist */,
			);
			path = itunesTopVideosTests;
			sourceTree = "<group>";
		};
		C7525B8B1D352959003665F9 /* itunesTopVideosUITests */ = {
			isa = PBXGroup;
			children = (
				C7525B8C1D352959003665F9 /* itunesTopVideosUITests.swift */,
				C7525B8E1D352959003665F9 /* Info.plist */,
			);
			path = itunesTopVideosUITests;
			sourceTree = "<group>";
		};
		C7525B9A1D352BB8003665F9 /* Controller */ = {
			isa = PBXGroup;
			children = (
				C7525B6E1D352959003665F9 /* ViewController.swift */,
			);
			name = Controller;
			sourceTree = "<group>";
		};
		C7525B9B1D352BBF003665F9 /* View */ = {
			isa = PBXGroup;
			children = (
				C7B89D601D38F69600CAF6F6 /* MusicVideoCell.swift */,
				C7525B701D352959003665F9 /* Main.storyboard */,
				C7525B751D352959003665F9 /* LaunchScreen.storyboard */,
			);
			name = View;
			sourceTree = "<group>";
		};
		C7525B9C1D352BC5003665F9 /* Model */ = {
			isa = PBXGroup;
			children = (
				C7525B9E1D3531AD003665F9 /* APIManager.swift */,
				C788B2721D357BE400C5B34F /* MusicVideo.swift */,
			);
			name = Model;
			sourceTree = "<group>";
		};
		C7525B9D1D352C14003665F9 /* Supporting Files */ = {
			isa = PBXGroup;
			children = (
				C7525B731D352959003665F9 /* Assets.xcassets */,
				C7525B781D352959003665F9 /* Info.plist */,
			);
			name = "Supporting Files";
			sourceTree = "<group>";
		};
		C75FFEC61D368BB90086EE2F /* Obj-C */ = {
			isa = PBXGroup;
			children = (
				C75FFEC81D368C690086EE2F /* Reachability.h */,
				C75FFEC91D368C690086EE2F /* Reachability.m */,
				C75FFEC71D368C680086EE2F /* itunesTopVideos-Bridging-Header.h */,
			);
			name = "Obj-C";
			sourceTree = "<group>";
		};
		C788B26F1D357B4A00C5B34F /* Util */ = {
			isa = PBXGroup;
			children = (
				C788B2701D357B6700C5B34F /* Constants.swift */,
			);
			name = Util;
			sourceTree = "<group>";
		};
/* End PBXGroup section */

/* Begin PBXNativeTarget section */
		C7525B681D352959003665F9 /* itunesTopVideos */ = {
			isa = PBXNativeTarget;
			buildConfigurationList = C7525B911D352959003665F9 /* Build configuration list for PBXNativeTarget "itunesTopVideos" */;
			buildPhases = (
				C7525B651D352959003665F9 /* Sources */,
				C7525B661D352959003665F9 /* Frameworks */,
				C7525B671D352959003665F9 /* Resources */,
			);
			buildRules = (
			);
			dependencies = (
			);
			name = itunesTopVideos;
			productName = itunesTopVideos;
			productReference = C7525B691D352959003665F9 /* itunesTopVideos.app */;
			productType = "com.apple.product-type.application";
		};
		C7525B7C1D352959003665F9 /* itunesTopVideosTests */ = {
			isa = PBXNativeTarget;
			buildConfigurationList = C7525B941D352959003665F9 /* Build configuration list for PBXNativeTarget "itunesTopVideosTests" */;
			buildPhases = (
				C7525B791D352959003665F9 /* Sources */,
				C7525B7A1D352959003665F9 /* Frameworks */,
				C7525B7B1D352959003665F9 /* Resources */,
			);
			buildRules = (
			);
			dependencies = (
				C7525B7F1D352959003665F9 /* PBXTargetDependency */,
			);
			name = itunesTopVideosTests;
			productName = itunesTopVideosTests;
			productReference = C7525B7D1D352959003665F9 /* itunesTopVideosTests.xctest */;
			productType = "com.apple.product-type.bundle.unit-test";
		};
		C7525B871D352959003665F9 /* itunesTopVideosUITests */ = {
			isa = PBXNativeTarget;
			buildConfigurationList = C7525B971D352959003665F9 /* Build configuration list for PBXNativeTarget "itunesTopVideosUITests" */;
			buildPhases = (
				C7525B841D352959003665F9 /* Sources */,
				C7525B851D352959003665F9 /* Frameworks */,
				C7525B861D352959003665F9 /* Resources */,
			);
			buildRules = (
			);
			dependencies = (
				C7525B8A1D352959003665F9 /* PBXTargetDependency */,
			);
			name = itunesTopVideosUITests;
			productName = itunesTopVideosUITests;
			productReference = C7525B881D352959003665F9 /* itunesTopVideosUITests.xctest */;
			productType = "com.apple.product-type.bundle.ui-testing";
		};
/* End PBXNativeTarget section */

/* Begin PBXProject section */
		C7525B611D352959003665F9 /* Project object */ = {
			isa = PBXProject;
			attributes = {
				LastSwiftUpdateCheck = 0730;
				LastUpgradeCheck = 0730;
				ORGANIZATIONNAME = "Prateek Mahawar";
				TargetAttributes = {
					C7525B681D352959003665F9 = {
						CreatedOnToolsVersion = 7.3.1;
						DevelopmentTeam = 2QJCV27NGS;
					};
					C7525B7C1D352959003665F9 = {
						CreatedOnToolsVersion = 7.3.1;
						DevelopmentTeam = 2QJCV27NGS;
						TestTargetID = C7525B681D352959003665F9;
					};
					C7525B871D352959003665F9 = {
						CreatedOnToolsVersion = 7.3.1;
						DevelopmentTeam = 2QJCV27NGS;
						TestTargetID = C7525B681D352959003665F9;
					};
				};
			};
			buildConfigurationList = C7525B641D352959003665F9 /* Build configuration list for PBXProject "itunesTopVideos" */;
			compatibilityVersion = "Xcode 3.2";
			developmentRegion = English;
			hasScannedForEncodings = 0;
			knownRegions = (
				en,
				Base,
			);
			mainGroup = C7525B601D352959003665F9;
			productRefGroup = C7525B6A1D352959003665F9 /* Products */;
			projectDirPath = "";
			projectRoot = "";
			targets = (
				C7525B681D352959003665F9 /* itunesTopVideos */,
				C7525B7C1D352959003665F9 /* itunesTopVideosTests */,
				C7525B871D352959003665F9 /* itunesTopVideosUITests */,
			);
		};
/* End PBXProject section */

/* Begin PBXResourcesBuildPhase section */
		C7525B671D352959003665F9 /* Resources */ = {
			isa = PBXResourcesBuildPhase;
			buildActionMask = 2147483647;
			files = (
				C7525B771D352959003665F9 /* LaunchScreen.storyboard in Resources */,
				C7525B741D352959003665F9 /* Assets.xcassets in Resources */,
				C7525B721D352959003665F9 /* Main.storyboard in Resources */,
			);
			runOnlyForDeploymentPostprocessing = 0;
		};
		C7525B7B1D352959003665F9 /* Resources */ = {
			isa = PBXResourcesBuildPhase;
			buildActionMask = 2147483647;
			files = (
			);
			runOnlyForDeploymentPostprocessing = 0;
		};
		C7525B861D352959003665F9 /* Resources */ = {
			isa = PBXResourcesBuildPhase;
			buildActionMask = 2147483647;
			files = (
			);
			runOnlyForDeploymentPostprocessing = 0;
		};
/* End PBXResourcesBuildPhase section */

/* Begin PBXSourcesBuildPhase section */
		C7525B651D352959003665F9 /* Sources */ = {
			isa = PBXSourcesBuildPhase;
			buildActionMask = 2147483647;
			files = (
				C7525B9F1D3531AD003665F9 /* APIManager.swift in Sources */,
				C7525B6F1D352959003665F9 /* ViewController.swift in Sources */,
				C788B2731D357BE400C5B34F /* MusicVideo.swift in Sources */,
				C7525B6D1D352959003665F9 /* AppDelegate.swift in Sources */,
				C75FFECA1D368C690086EE2F /* Reachability.m in Sources */,
				C788B2711D357B6700C5B34F /* Constants.swift in Sources */,
				C7B89D611D38F69600CAF6F6 /* MusicVideoCell.swift in Sources */,
			);
			runOnlyForDeploymentPostprocessing = 0;
		};
		C7525B791D352959003665F9 /* Sources */ = {
			isa = PBXSourcesBuildPhase;
			buildActionMask = 2147483647;
			files = (
				C7525B821D352959003665F9 /* itunesTopVideosTests.swift in Sources */,
			);
			runOnlyForDeploymentPostprocessing = 0;
		};
		C7525B841D352959003665F9 /* Sources */ = {
			isa = PBXSourcesBuildPhase;
			buildActionMask = 2147483647;
			files = (
				C7525B8D1D352959003665F9 /* itunesTopVideosUITests.swift in Sources */,
			);
			runOnlyForDeploymentPostprocessing = 0;
		};
/* End PBXSourcesBuildPhase section */

/* Begin PBXTargetDependency section */
		C7525B7F1D352959003665F9 /* PBXTargetDependency */ = {
			isa = PBXTargetDependency;
			target = C7525B681D352959003665F9 /* itunesTopVideos */;
			targetProxy = C7525B7E1D352959003665F9 /* PBXContainerItemProxy */;
		};
		C7525B8A1D352959003665F9 /* PBXTargetDependency */ = {
			isa = PBXTargetDependency;
			target = C7525B681D352959003665F9 /* itunesTopVideos */;
			targetProxy = C7525B891D352959003665F9 /* PBXContainerItemProxy */;
		};
/* End PBXTargetDependency section */

/* Begin PBXVariantGroup section */
		C7525B701D352959003665F9 /* Main.storyboard */ = {
			isa = PBXVariantGroup;
			children = (
				C7525B711D352959003665F9 /* Base */,
			);
			name = Main.storyboard;
			sourceTree = "<group>";
		};
		C7525B751D352959003665F9 /* LaunchScreen.storyboard */ = {
			isa = PBXVariantGroup;
			children = (
				C7525B761D352959003665F9 /* Base */,
			);
			name = LaunchScreen.storyboard;
			sourceTree = "<group>";
		};
/* End PBXVariantGroup section */

/* Begin XCBuildConfiguration section */
		C7525B8F1D352959003665F9 /* Debug */ = {
			isa = XCBuildConfiguration;
			buildSettings = {
				ALWAYS_SEARCH_USER_PATHS = NO;
				CLANG_ANALYZER_NONNULL = YES;
				CLANG_CXX_LANGUAGE_STANDARD = "gnu++0x";
				CLANG_CXX_LIBRARY = "libc++";
				CLANG_ENABLE_MODULES = YES;
				CLANG_ENABLE_OBJC_ARC = YES;
				CLANG_WARN_BOOL_CONVERSION = YES;
				CLANG_WARN_CONSTANT_CONVERSION = YES;
				CLANG_WARN_DIRECT_OBJC_ISA_USAGE = YES_ERROR;
				CLANG_WARN_EMPTY_BODY = YES;
				CLANG_WARN_ENUM_CONVERSION = YES;
				CLANG_WARN_INT_CONVERSION = YES;
				CLANG_WARN_OBJC_ROOT_CLASS = YES_ERROR;
				CLANG_WARN_UNREACHABLE_CODE = YES;
				CLANG_WARN__DUPLICATE_METHOD_MATCH = YES;
				"CODE_SIGN_IDENTITY[sdk=iphoneos*]" = "iPhone Developer";
				COPY_PHASE_STRIP = NO;
				DEBUG_INFORMATION_FORMAT = dwarf;
				ENABLE_STRICT_OBJC_MSGSEND = YES;
				ENABLE_TESTABILITY = YES;
				GCC_C_LANGUAGE_STANDARD = gnu99;
				GCC_DYNAMIC_NO_PIC = NO;
				GCC_NO_COMMON_BLOCKS = YES;
				GCC_OPTIMIZATION_LEVEL = 0;
				GCC_PREPROCESSOR_DEFINITIONS = (
					"DEBUG=1",
					"$(inherited)",
				);
				GCC_WARN_64_TO_32_BIT_CONVERSION = YES;
				GCC_WARN_ABOUT_RETURN_TYPE = YES_ERROR;
				GCC_WARN_UNDECLARED_SELECTOR = YES;
				GCC_WARN_UNINITIALIZED_AUTOS = YES_AGGRESSIVE;
				GCC_WARN_UNUSED_FUNCTION = YES;
				GCC_WARN_UNUSED_VARIABLE = YES;
				IPHONEOS_DEPLOYMENT_TARGET = 9.3;
				MTL_ENABLE_DEBUG_INFO = YES;
				ONLY_ACTIVE_ARCH = YES;
				SDKROOT = iphoneos;
				SWIFT_OPTIMIZATION_LEVEL = "-Onone";
				TARGETED_DEVICE_FAMILY = "1,2";
			};
			name = Debug;
		};
		C7525B901D352959003665F9 /* Release */ = {
			isa = XCBuildConfiguration;
			buildSettings = {
				ALWAYS_SEARCH_USER_PATHS = NO;
				CLANG_ANALYZER_NONNULL = YES;
				CLANG_CXX_LANGUAGE_STANDARD = "gnu++0x";
				CLANG_CXX_LIBRARY = "libc++";
				CLANG_ENABLE_MODULES = YES;
				CLANG_ENABLE_OBJC_ARC = YES;
				CLANG_WARN_BOOL_CONVERSION = YES;
				CLANG_WARN_CONSTANT_CONVERSION = YES;
				CLANG_WARN_DIRECT_OBJC_ISA_USAGE = YES_ERROR;
				CLANG_WARN_EMPTY_BODY = YES;
				CLANG_WARN_ENUM_CONVERSION = YES;
				CLANG_WARN_INT_CONVERSION = YES;
				CLANG_WARN_OBJC_ROOT_CLASS = YES_ERROR;
				CLANG_WARN_UNREACHABLE_CODE = YES;
				CLANG_WARN__DUPLICATE_METHOD_MATCH = YES;
				"CODE_SIGN_IDENTITY[sdk=iphoneos*]" = "iPhone Developer";
				COPY_PHASE_STRIP = NO;
				DEBUG_INFORMATION_FORMAT = "dwarf-with-dsym";
				ENABLE_NS_ASSERTIONS = NO;
				ENABLE_STRICT_OBJC_MSGSEND = YES;
				GCC_C_LANGUAGE_STANDARD = gnu99;
				GCC_NO_COMMON_BLOCKS = YES;
				GCC_WARN_64_TO_32_BIT_CONVERSION = YES;
				GCC_WARN_ABOUT_RETURN_TYPE = YES_ERROR;
				GCC_WARN_UNDECLARED_SELECTOR = YES;
				GCC_WARN_UNINITIALIZED_AUTOS = YES_AGGRESSIVE;
				GCC_WARN_UNUSED_FUNCTION = YES;
				GCC_WARN_UNUSED_VARIABLE = YES;
				IPHONEOS_DEPLOYMENT_TARGET = 9.3;
				MTL_ENABLE_DEBUG_INFO = NO;
				SDKROOT = iphoneos;
				TARGETED_DEVICE_FAMILY = "1,2";
				VALIDATE_PRODUCT = YES;
			};
			name = Release;
		};
		C7525B921D352959003665F9 /* Debug */ = {
			isa = XCBuildConfiguration;
			buildSettings = {
				ASSETCATALOG_COMPILER_APPICON_NAME = AppIcon;
				CLANG_ENABLE_MODULES = YES;
				INFOPLIST_FILE = itunesTopVideos/Info.plist;
				IPHONEOS_DEPLOYMENT_TARGET = 9.0;
				LD_RUNPATH_SEARCH_PATHS = "$(inherited) @executable_path/Frameworks";
				PRODUCT_BUNDLE_IDENTIFIER = com.Prateek.itunesTopVideos;
				PRODUCT_NAME = "$(TARGET_NAME)";
				SWIFT_OBJC_BRIDGING_HEADER = "itunesTopVideos/itunesTopVideos-Bridging-Header.h";
				SWIFT_OPTIMIZATION_LEVEL = "-Onone";
				TARGETED_DEVICE_FAMILY = "1,2";
			};
			name = Debug;
		};
		C7525B931D352959003665F9 /* Release */ = {
			isa = XCBuildConfiguration;
			buildSettings = {
				ASSETCATALOG_COMPILER_APPICON_NAME = AppIcon;
				CLANG_ENABLE_MODULES = YES;
				INFOPLIST_FILE = itunesTopVideos/Info.plist;
				IPHONEOS_DEPLOYMENT_TARGET = 9.0;
				LD_RUNPATH_SEARCH_PATHS = "$(inherited) @executable_path/Frameworks";
				PRODUCT_BUNDLE_IDENTIFIER = com.Prateek.itunesTopVideos;
				PRODUCT_NAME = "$(TARGET_NAME)";
				SWIFT_OBJC_BRIDGING_HEADER = "itunesTopVideos/itunesTopVideos-Bridging-Header.h";
				TARGETED_DEVICE_FAMILY = "1,2";
			};
			name = Release;
		};
		C7525B951D352959003665F9 /* Debug */ = {
			isa = XCBuildConfiguration;
			buildSettings = {
				BUNDLE_LOADER = "$(TEST_HOST)";
				INFOPLIST_FILE = itunesTopVideosTests/Info.plist;
				LD_RUNPATH_SEARCH_PATHS = "$(inherited) @executable_path/Frameworks @loader_path/Frameworks";
				PRODUCT_BUNDLE_IDENTIFIER = com.Prateek.itunesTopVideosTests;
				PRODUCT_NAME = "$(TARGET_NAME)";
				TEST_HOST = "$(BUILT_PRODUCTS_DIR)/itunesTopVideos.app/itunesTopVideos";
			};
			name = Debug;
		};
		C7525B961D352959003665F9 /* Release */ = {
			isa = XCBuildConfiguration;
			buildSettings = {
				BUNDLE_LOADER = "$(TEST_HOST)";
				INFOPLIST_FILE = itunesTopVideosTests/Info.plist;
				LD_RUNPATH_SEARCH_PATHS = "$(inherited) @executable_path/Frameworks @loader_path/Frameworks";
				PRODUCT_BUNDLE_IDENTIFIER = com.Prateek.itunesTopVideosTests;
				PRODUCT_NAME = "$(TARGET_NAME)";
				TEST_HOST = "$(BUILT_PRODUCTS_DIR)/itunesTopVideos.app/itunesTopVideos";
			};
			name = Release;
		};
		C7525B981D352959003665F9 /* Debug */ = {
			isa = XCBuildConfiguration;
			buildSettings = {
				INFOPLIST_FILE = itunesTopVideosUITests/Info.plist;
				LD_RUNPATH_SEARCH_PATHS = "$(inherited) @executable_path/Frameworks @loader_path/Frameworks";
				PRODUCT_BUNDLE_IDENTIFIER = com.Prateek.itunesTopVideosUITests;
				PRODUCT_NAME = "$(TARGET_NAME)";
				TEST_TARGET_NAME = itunesTopVideos;
			};
			name = Debug;
		};
		C7525B991D352959003665F9 /* Release */ = {
			isa = XCBuildConfiguration;
			buildSettings = {
				INFOPLIST_FILE = itunesTopVideosUITests/Info.plist;
				LD_RUNPATH_SEARCH_PATHS = "$(inherited) @executable_path/Frameworks @loader_path/Frameworks";
				PRODUCT_BUNDLE_IDENTIFIER = com.Prateek.itunesTopVideosUITests;
				PRODUCT_NAME = "$(TARGET_NAME)";
				TEST_TARGET_NAME = itunesTopVideos;
			};
			name = Release;
		};
/* End XCBuildConfiguration section */

/* Begin XCConfigurationList section */
		C7525B641D352959003665F9 /* Build configuration list for PBXProject "itunesTopVideos" */ = {
			isa = XCConfigurationList;
			buildConfigurations = (
				C7525B8F1D352959003665F9 /* Debug */,
				C7525B901D352959003665F9 /* Release */,
			);
			defaultConfigurationIsVisible = 0;
			defaultConfigurationName = Release;
		};
		C7525B911D352959003665F9 /* Build configuration list for PBXNativeTarget "itunesTopVideos" */ = {
			isa = XCConfigurationList;
			buildConfigurations = (
				C7525B921D352959003665F9 /* Debug */,
				C7525B931D352959003665F9 /* Release */,
			);
			defaultConfigurationIsVisible = 0;
			defaultConfigurationName = Release;
		};
		C7525B941D352959003665F9 /* Build configuration list for PBXNativeTarget "itunesTopVideosTests" */ = {
			isa = XCConfigurationList;
			buildConfigurations = (
				C7525B951D352959003665F9 /* Debug */,
				C7525B961D352959003665F9 /* Release */,
			);
			defaultConfigurationIsVisible = 0;
			defaultConfigurationName = Release;
		};
		C7525B971D352959003665F9 /* Build configuration list for PBXNativeTarget "itunesTopVideosUITests" */ = {
			isa = XCConfigurationList;
			buildConfigurations = (
				C7525B981D352959003665F9 /* Debug */,
				C7525B991D352959003665F9 /* Release */,
			);
			defaultConfigurationIsVisible = 0;
			defaultConfigurationName = Release;
		};
/* End XCConfigurationList section */
	};
	rootObject = C7525B611D352959003665F9 /* Project object */;
}
